
Microsoft Visual Studio Solution File, Format Version 12.00
# Visual Studio 15
VisualStudioVersion = 15.0.27130.2010
MinimumVisualStudioVersion = 15.0.26124.0
Project("{9A19103F-16F7-4668-BE54-9A1E7A4F7556}") = "TestRunner", "TestRunner\TestRunner.csproj", "{4362F69F-2619-4B8F-9449-E39D01C27433}"
EndProject
Project("{9A19103F-16F7-4668-BE54-9A1E7A4F7556}") = "SiteMap", "SiteMap\SiteMap.csproj", "{BFC1A686-5628-4623-A633-AA307ED80ED9}"
EndProject
Project("{9A19103F-16F7-4668-BE54-9A1E7A4F7556}") = "Selenium", "Selenium\Selenium.csproj", "{39F218A9-BBDB-478C-9522-EBA3DFF2B7DF}"
EndProject
Project("{9A19103F-16F7-4668-BE54-9A1E7A4F7556}") = "Common", "Common\Common.csproj", "{46E2FCF9-42BB-4A87-942E-6BBDDB52CDCE}"
EndProject
Project("{FAE04EC0-301F-11D3-BF4B-00C04F79EFBC}") = "Testbook", "Testbook\Testbook.csproj", "{31A9C644-EDFE-4630-889D-5159542D959C}"
EndProject
Global
	GlobalSection(SolutionConfigurationPlatforms) = preSolution
		Debug|Any CPU = Debug|Any CPU
		Debug|x64 = Debug|x64
		Debug|x86 = Debug|x86
		Release|Any CPU = Release|Any CPU
		Release|x64 = Release|x64
		Release|x86 = Release|x86
	EndGlobalSection
	GlobalSection(ProjectConfigurationPlatforms) = postSolution
		{4362F69F-2619-4B8F-9449-E39D01C27433}.Debug|Any CPU.ActiveCfg = Debug|Any CPU
		{4362F69F-2619-4B8F-9449-E39D01C27433}.Debug|Any CPU.Build.0 = Debug|Any CPU
		{4362F69F-2619-4B8F-9449-E39D01C27433}.Debug|x64.ActiveCfg = Debug|Any CPU
		{4362F69F-2619-4B8F-9449-E39D01C27433}.Debug|x64.Build.0 = Debug|Any CPU
		{4362F69F-2619-4B8F-9449-E39D01C27433}.Debug|x86.ActiveCfg = Debug|Any CPU
		{4362F69F-2619-4B8F-9449-E39D01C27433}.Debug|x86.Build.0 = Debug|Any CPU
		{4362F69F-2619-4B8F-9449-E39D01C27433}.Release|Any CPU.ActiveCfg = Release|Any CPU
		{4362F69F-2619-4B8F-9449-E39D01C27433}.Release|Any CPU.Build.0 = Release|Any CPU
		{4362F69F-2619-4B8F-9449-E39D01C27433}.Release|x64.ActiveCfg = Release|Any CPU
		{4362F69F-2619-4B8F-9449-E39D01C27433}.Release|x64.Build.0 = Release|Any CPU
		{4362F69F-2619-4B8F-9449-E39D01C27433}.Release|x86.ActiveCfg = Release|Any CPU
		{4362F69F-2619-4B8F-9449-E39D01C27433}.Release|x86.Build.0 = Release|Any CPU
		{BFC1A686-5628-4623-A633-AA307ED80ED9}.Debug|Any CPU.ActiveCfg = Debug|Any CPU
		{BFC1A686-5628-4623-A633-AA307ED80ED9}.Debug|Any CPU.Build.0 = Debug|Any CPU
		{BFC1A686-5628-4623-A633-AA307ED80ED9}.Debug|x64.ActiveCfg = Debug|Any CPU
		{BFC1A686-5628-4623-A633-AA307ED80ED9}.Debug|x64.Build.0 = Debug|Any CPU
		{BFC1A686-5628-4623-A633-AA307ED80ED9}.Debug|x86.ActiveCfg = Debug|Any CPU
		{BFC1A686-5628-4623-A633-AA307ED80ED9}.Debug|x86.Build.0 = Debug|Any CPU
		{BFC1A686-5628-4623-A633-AA307ED80ED9}.Release|Any CPU.ActiveCfg = Release|Any CPU
		{BFC1A686-5628-4623-A633-AA307ED80ED9}.Release|Any CPU.Build.0 = Release|Any CPU
		{BFC1A686-5628-4623-A633-AA307ED80ED9}.Release|x64.ActiveCfg = Release|Any CPU
		{BFC1A686-5628-4623-A633-AA307ED80ED9}.Release|x64.Build.0 = Release|Any CPU
		{BFC1A686-5628-4623-A633-AA307ED80ED9}.Release|x86.ActiveCfg = Release|Any CPU
		{BFC1A686-5628-4623-A633-AA307ED80ED9}.Release|x86.Build.0 = Release|Any CPU
		{39F218A9-BBDB-478C-9522-EBA3DFF2B7DF}.Debug|Any CPU.ActiveCfg = Debug|Any CPU
		{39F218A9-BBDB-478C-9522-EBA3DFF2B7DF}.Debug|Any CPU.Build.0 = Debug|Any CPU
		{39F218A9-BBDB-478C-9522-EBA3DFF2B7DF}.Debug|x64.ActiveCfg = Debug|Any CPU
		{39F218A9-BBDB-478C-9522-EBA3DFF2B7DF}.Debug|x64.Build.0 = Debug|Any CPU
		{39F218A9-BBDB-478C-9522-EBA3DFF2B7DF}.Debug|x86.ActiveCfg = Debug|Any CPU
		{39F218A9-BBDB-478C-9522-EBA3DFF2B7DF}.Debug|x86.Build.0 = Debug|Any CPU
		{39F218A9-BBDB-478C-9522-EBA3DFF2B7DF}.Release|Any CPU.ActiveCfg = Release|Any CPU
		{39F218A9-BBDB-478C-9522-EBA3DFF2B7DF}.Release|Any CPU.Build.0 = Release|Any CPU
		{39F218A9-BBDB-478C-9522-EBA3DFF2B7DF}.Release|x64.ActiveCfg = Release|Any CPU
		{39F218A9-BBDB-478C-9522-EBA3DFF2B7DF}.Release|x64.Build.0 = Release|Any CPU
		{39F218A9-BBDB-478C-9522-EBA3DFF2B7DF}.Release|x86.ActiveCfg = Release|Any CPU
		{39F218A9-BBDB-478C-9522-EBA3DFF2B7DF}.Release|x86.Build.0 = Release|Any CPU
		{46E2FCF9-42BB-4A87-942E-6BBDDB52CDCE}.Debug|Any CPU.ActiveCfg = Debug|Any CPU
		{46E2FCF9-42BB-4A87-942E-6BBDDB52CDCE}.Debug|Any CPU.Build.0 = Debug|Any CPU
		{46E2FCF9-42BB-4A87-942E-6BBDDB52CDCE}.Debug|x64.ActiveCfg = Debug|Any CPU
		{46E2FCF9-42BB-4A87-942E-6BBDDB52CDCE}.Debug|x64.Build.0 = Debug|Any CPU
		{46E2FCF9-42BB-4A87-942E-6BBDDB52CDCE}.Debug|x86.ActiveCfg = Debug|Any CPU
		{46E2FCF9-42BB-4A87-942E-6BBDDB52CDCE}.Debug|x86.Build.0 = Debug|Any CPU
		{46E2FCF9-42BB-4A87-942E-6BBDDB52CDCE}.Release|Any CPU.ActiveCfg = Release|Any CPU
		{46E2FCF9-42BB-4A87-942E-6BBDDB52CDCE}.Release|Any CPU.Build.0 = Release|Any CPU
		{46E2FCF9-42BB-4A87-942E-6BBDDB52CDCE}.Release|x64.ActiveCfg = Release|Any CPU
		{46E2FCF9-42BB-4A87-942E-6BBDDB52CDCE}.Release|x64.Build.0 = Release|Any CPU
		{46E2FCF9-42BB-4A87-942E-6BBDDB52CDCE}.Release|x86.ActiveCfg = Release|Any CPU
		{46E2FCF9-42BB-4A87-942E-6BBDDB52CDCE}.Release|x86.Build.0 = Release|Any CPU
		{31A9C644-EDFE-4630-889D-5159542D959C}.Debug|Any CPU.ActiveCfg = Debug|Any CPU
		{31A9C644-EDFE-4630-889D-5159542D959C}.Debug|Any CPU.Build.0 = Debug|Any CPU
		{31A9C644-EDFE-4630-889D-5159542D959C}.Debug|x64.ActiveCfg = Debug|Any CPU
		{31A9C644-EDFE-4630-889D-5159542D959C}.Debug|x64.Build.0 = Debug|Any CPU
		{31A9C644-EDFE-4630-889D-5159542D959C}.Debug|x86.ActiveCfg = Debug|Any CPU
		{31A9C644-EDFE-4630-889D-5159542D959C}.Debug|x86.Build.0 = Debug|Any CPU
		{31A9C644-EDFE-4630-889D-5159542D959C}.Release|Any CPU.ActiveCfg = Release|Any CPU
		{31A9C644-EDFE-4630-889D-5159542D959C}.Release|Any CPU.Build.0 = Release|Any CPU
		{31A9C644-EDFE-4630-889D-5159542D959C}.Release|x64.ActiveCfg = Release|Any CPU
		{31A9C644-EDFE-4630-889D-5159542D959C}.Release|x64.Build.0 = Release|Any CPU
		{31A9C644-EDFE-4630-889D-5159542D959C}.Release|x86.ActiveCfg = Release|Any CPU
		{31A9C644-EDFE-4630-889D-5159542D959C}.Release|x86.Build.0 = Release|Any CPU
	EndGlobalSection
	GlobalSection(SolutionProperties) = preSolution
		HideSolutionNode = FALSE
	EndGlobalSection
	GlobalSection(ExtensibilityGlobals) = postSolution
		SolutionGuid = {B862DD6D-7C7A-4504-BD60-51166F716C56}
	EndGlobalSection
EndGlobal
